Microsoft Visual Studio Solution File, Format Version 12.00
# Visual Studio Version 17
VisualStudioVersion = 17.0.31903.59
MinimumVisualStudioVersion = 10.0.40219.1
Project("{FAE04EC0-301F-11D3-BF4B-00C04F79EFBC}") = "EasyBalance.Shared", "src\EasyBalance.Shared\EasyBalance.Shared.csproj", "{E12A60AA-700D-4E4A-9464-A93667762B9B}"
EndProject
Project("{FAE04EC0-301F-11D3-BF4B-00C04F79EFBC}") = "EasyBalance.Service", "src\EasyBalance.Service\EasyBalance.Service.csproj", "{54B86E3A-8759-4CA5-B91A-25F772A82703}"
EndProject
Project("{FAE04EC0-301F-11D3-BF4B-00C04F79EFBC}") = "EasyBalance.UI", "src\EasyBalance.UI\EasyBalance.UI.csproj", "{12352CBB-AC6D-4B04-83CA-87D34B00B119}"
EndProject
Project("{FAE04EC0-301F-11D3-BF4B-00C04F79EFBC}") = "EasyBalance.Tests", "tests\EasyBalance.Tests\EasyBalance.Tests.csproj", "{5CCDD263-E0F0-463F-9F68-6603853E8649}"
EndProject
Project("{FAE04EC0-301F-11D3-BF4B-00C04F79EFBC}") = "EasyBalance.IntegrationTests", "tests\EasyBalance.IntegrationTests\EasyBalance.IntegrationTests.csproj", "{DB03C2E2-A723-45A2-A254-5ED9D68936AD}"
EndProject
Global
	GlobalSection(SolutionConfigurationPlatforms) = preSolution
		Debug|Any CPU = Debug|Any CPU
		Release|Any CPU = Release|Any CPU
	EndGlobalSection
	GlobalSection(ProjectConfigurationPlatforms) = postSolution
		{E12A60AA-700D-4E4A-9464-A93667762B9B}.Debug|Any CPU.ActiveCfg = Debug|Any CPU
		{E12A60AA-700D-4E4A-9464-A93667762B9B}.Debug|Any CPU.Build.0 = Debug|Any CPU
		{E12A60AA-700D-4E4A-9464-A93667762B9B}.Release|Any CPU.ActiveCfg = Release|Any CPU
		{E12A60AA-700D-4E4A-9464-A93667762B9B}.Release|Any CPU.Build.0 = Release|Any CPU
		{54B86E3A-8759-4CA5-B91A-25F772A82703}.Debug|Any CPU.ActiveCfg = Debug|Any CPU
		{54B86E3A-8759-4CA5-B91A-25F772A82703}.Debug|Any CPU.Build.0 = Debug|Any CPU
		{54B86E3A-8759-4CA5-B91A-25F772A82703}.Release|Any CPU.ActiveCfg = Release|Any CPU
		{54B86E3A-8759-4CA5-B91A-25F772A82703}.Release|Any CPU.Build.0 = Release|Any CPU
		{12352CBB-AC6D-4B04-83CA-87D34B00B119}.Debug|Any CPU.ActiveCfg = Debug|Any CPU
		{12352CBB-AC6D-4B04-83CA-87D34B00B119}.Debug|Any CPU.Build.0 = Debug|Any CPU
		{12352CBB-AC6D-4B04-83CA-87D34B00B119}.Release|Any CPU.ActiveCfg = Release|Any CPU
		{12352CBB-AC6D-4B04-83CA-87D34B00B119}.Release|Any CPU.Build.0 = Release|Any CPU
		{5CCDD263-E0F0-463F-9F68-6603853E8649}.Debug|Any CPU.ActiveCfg = Debug|Any CPU
		{5CCDD263-E0F0-463F-9F68-6603853E8649}.Debug|Any CPU.Build.0 = Debug|Any CPU
		{5CCDD263-E0F0-463F-9F68-6603853E8649}.Release|Any CPU.ActiveCfg = Release|Any CPU
		{5CCDD263-E0F0-463F-9F68-6603853E8649}.Release|Any CPU.Build.0 = Release|Any CPU
		{DB03C2E2-A723-45A2-A254-5ED9D68936AD}.Debug|Any CPU.ActiveCfg = Debug|Any CPU
		{DB03C2E2-A723-45A2-A254-5ED9D68936AD}.Debug|Any CPU.Build.0 = Debug|Any CPU
		{DB03C2E2-A723-45A2-A254-5ED9D68936AD}.Release|Any CPU.ActiveCfg = Release|Any CPU
		{DB03C2E2-A723-45A2-A254-5ED9D68936AD}.Release|Any CPU.Build.0 = Release|Any CPU
	EndGlobalSection
EndGlobal
